
Microsoft Visual Studio Solution File, Format Version 12.00
# Visual Studio Version 17
VisualStudioVersion = 17.0.31903.59
MinimumVisualStudioVersion = 10.0.40219.1
Project("{FAE04EC0-301F-11D3-BF4B-00C04F79EFBC}") = "Cptmsdug.Core", "src\Cptmsdug.Core\Cptmsdug.Core.csproj", "{65BC4780-9AB9-47C9-B45E-3630C349BB04}"
EndProject
Project("{FAE04EC0-301F-11D3-BF4B-00C04F79EFBC}") = "Cptmsdug.Core.Tests", "tests\Cptmsdug.Core.Tests\Cptmsdug.Core.Tests.csproj", "{AFA04E3A-8A71-4E89-B8AC-A09351DAE584}"
EndProject
Project("{FAE04EC0-301F-11D3-BF4B-00C04F79EFBC}") = "Cptmsdug.McpServer", "src\Cptmsdug.McpServer\Cptmsdug.McpServer.csproj", "{B2C44F8A-9D2B-4E89-A8CC-D1234567890A}"
EndProject
Project("{FAE04EC0-301F-11D3-BF4B-00C04F79EFBC}") = "Cptmsdug.McpServer.Tests", "tests\Cptmsdug.McpServer.Tests\Cptmsdug.McpServer.Tests.csproj", "{C3D55F9B-0E3C-5F90-B9DD-E2345678901B}"
EndProject
Global
	GlobalSection(SolutionConfigurationPlatforms) = preSolution
		Debug|Any CPU = Debug|Any CPU
		Release|Any CPU = Release|Any CPU
	EndGlobalSection
	GlobalSection(SolutionProperties) = preSolution
		HideSolutionNode = FALSE
	EndGlobalSection
	GlobalSection(ProjectConfigurationPlatforms) = postSolution
		{65BC4780-9AB9-47C9-B45E-3630C349BB04}.Debug|Any CPU.ActiveCfg = Debug|Any CPU
		{65BC4780-9AB9-47C9-B45E-3630C349BB04}.Debug|Any CPU.Build.0 = Debug|Any CPU
		{65BC4780-9AB9-47C9-B45E-3630C349BB04}.Release|Any CPU.ActiveCfg = Release|Any CPU
		{65BC4780-9AB9-47C9-B45E-3630C349BB04}.Release|Any CPU.Build.0 = Release|Any CPU
		{AFA04E3A-8A71-4E89-B8AC-A09351DAE584}.Debug|Any CPU.ActiveCfg = Debug|Any CPU
		{AFA04E3A-8A71-4E89-B8AC-A09351DAE584}.Debug|Any CPU.Build.0 = Debug|Any CPU
		{AFA04E3A-8A71-4E89-B8AC-A09351DAE584}.Release|Any CPU.ActiveCfg = Release|Any CPU
		{AFA04E3A-8A71-4E89-B8AC-A09351DAE584}.Release|Any CPU.Build.0 = Release|Any CPU
		{B2C44F8A-9D2B-4E89-A8CC-D1234567890A}.Debug|Any CPU.ActiveCfg = Debug|Any CPU
		{B2C44F8A-9D2B-4E89-A8CC-D1234567890A}.Debug|Any CPU.Build.0 = Debug|Any CPU
		{B2C44F8A-9D2B-4E89-A8CC-D1234567890A}.Release|Any CPU.ActiveCfg = Release|Any CPU
		{B2C44F8A-9D2B-4E89-A8CC-D1234567890A}.Release|Any CPU.Build.0 = Release|Any CPU
		{C3D55F9B-0E3C-5F90-B9DD-E2345678901B}.Debug|Any CPU.ActiveCfg = Debug|Any CPU
		{C3D55F9B-0E3C-5F90-B9DD-E2345678901B}.Debug|Any CPU.Build.0 = Debug|Any CPU
		{C3D55F9B-0E3C-5F90-B9DD-E2345678901B}.Release|Any CPU.ActiveCfg = Release|Any CPU
		{C3D55F9B-0E3C-5F90-B9DD-E2345678901B}.Release|Any CPU.Build.0 = Release|Any CPU
	EndGlobalSection
EndGlobal
